
Microsoft Visual Studio Solution File, Format Version 12.00
# Visual Studio Version 17
VisualStudioVersion = 17.11.34909.67
MinimumVisualStudioVersion = 10.0.40219.1
Project("{FAE04EC0-301F-11D3-BF4B-00C04F79EFBC}") = "HomeAutomationGpt", "HomeAutomationGpt\HomeAutomationGpt.csproj", "{D0797873-8AE5-49E0-8651-32244360AE9C}"
EndProject
Global
	GlobalSection(SolutionConfigurationPlatforms) = preSolution
		Debug|Any CPU = Debug|Any CPU
		Release|Any CPU = Release|Any CPU
	EndGlobalSection
	GlobalSection(ProjectConfigurationPlatforms) = postSolution
		{D0797873-8AE5-49E0-8651-32244360AE9C}.Debug|Any CPU.ActiveCfg = Debug|Any CPU
		{D0797873-8AE5-49E0-8651-32244360AE9C}.Debug|Any CPU.Build.0 = Debug|Any CPU
		{D0797873-8AE5-49E0-8651-32244360AE9C}.Release|Any CPU.ActiveCfg = Release|Any CPU
		{D0797873-8AE5-49E0-8651-32244360AE9C}.Release|Any CPU.Build.0 = Release|Any CPU
	EndGlobalSection
	GlobalSection(SolutionProperties) = preSolution
		HideSolutionNode = FALSE
	EndGlobalSection
	GlobalSection(ExtensibilityGlobals) = postSolution
		SolutionGuid = {2700558E-D40D-4B4A-B93E-EEF13742B76F}
	EndGlobalSection
EndGlobal
